Microsoft Visual Studio Solution File, Format Version 12.00
# Visual Studio 2012
Project("{FAE04EC0-301F-11D3-BF4B-00C04F79EFBC}") = "MapleLeaf", "MapleLeaf.csproj", "{3DE85353-A4D8-43E3-BE33-B61057126EF9}"
EndProject
Global
	GlobalSection(SolutionConfigurationPlatforms) = preSolution
	Debug|Any CPU = Debug|Any CPU
	ExportDebug|Any CPU = ExportDebug|Any CPU
	ExportRelease|Any CPU = ExportRelease|Any CPU
	EndGlobalSection
	GlobalSection(ProjectConfigurationPlatforms) = postSolution
		{3DE85353-A4D8-43E3-BE33-B61057126EF9}.Debug|Any CPU.ActiveCfg = Debug|Any CPU
		{3DE85353-A4D8-43E3-BE33-B61057126EF9}.Debug|Any CPU.Build.0 = Debug|Any CPU
		{3DE85353-A4D8-43E3-BE33-B61057126EF9}.ExportDebug|Any CPU.ActiveCfg = ExportDebug|Any CPU
		{3DE85353-A4D8-43E3-BE33-B61057126EF9}.ExportDebug|Any CPU.Build.0 = ExportDebug|Any CPU
		{3DE85353-A4D8-43E3-BE33-B61057126EF9}.ExportRelease|Any CPU.ActiveCfg = ExportRelease|Any CPU
		{3DE85353-A4D8-43E3-BE33-B61057126EF9}.ExportRelease|Any CPU.Build.0 = ExportRelease|Any CPU
	EndGlobalSection
EndGlobal
